
Microsoft Visual Studio Solution File, Format Version 12.00
# Visual Studio Version 17
VisualStudioVersion = 17.9.34607.119
MinimumVisualStudioVersion = 10.0.40219.1
Project("{FAE04EC0-301F-11D3-BF4B-00C04F79EFBC}") = "ProjetoPataSolidaria", "ProjetoPataSolidaria.csproj", "{D32D978E-1D8D-4D12-AAD5-D0C32FF62E67}"
EndProject
Global
	GlobalSection(SolutionConfigurationPlatforms) = preSolution
		Debug|Any CPU = Debug|Any CPU
		Release|Any CPU = Release|Any CPU
	EndGlobalSection
	GlobalSection(ProjectConfigurationPlatforms) = postSolution
		{D32D978E-1D8D-4D12-AAD5-D0C32FF62E67}.Debug|Any CPU.ActiveCfg = Debug|Any CPU
		{D32D978E-1D8D-4D12-AAD5-D0C32FF62E67}.Debug|Any CPU.Build.0 = Debug|Any CPU
		{D32D978E-1D8D-4D12-AAD5-D0C32FF62E67}.Release|Any CPU.ActiveCfg = Release|Any CPU
		{D32D978E-1D8D-4D12-AAD5-D0C32FF62E67}.Release|Any CPU.Build.0 = Release|Any CPU
	EndGlobalSection
	GlobalSection(SolutionProperties) = preSolution
		HideSolutionNode = FALSE
	EndGlobalSection
	GlobalSection(ExtensibilityGlobals) = postSolution
		SolutionGuid = {8BCCB190-9F2B-4BD8-9803-33AEA7D8040F}
	EndGlobalSection
EndGlobal
